
Microsoft Visual Studio Solution File, Format Version 12.00
# Visual Studio Version 17
VisualStudioVersion = 17.8.34322.80
MinimumVisualStudioVersion = 10.0.40219.1
Project("{9A19103F-16F7-4668-BE54-9A1E7A4F7556}") = "Blazor.ExploreRendering", "Blazor.ExploreRendering\Blazor.ExploreRendering\Blazor.ExploreRendering.csproj", "{C02FF3CB-C34B-422A-8612-0613EBED8877}"
EndProject
Project("{9A19103F-16F7-4668-BE54-9A1E7A4F7556}") = "Blazor.ExploreRendering.Client", "Blazor.ExploreRendering\Blazor.ExploreRendering.Client\Blazor.ExploreRendering.Client.csproj", "{0BE093FC-B48A-4000-90D5-D303DEBD41CC}"
EndProject
Project("{2150E333-8FDC-42A3-9474-1A3956D46DE8}") = "Documents", "Documents", "{AC3BDD8B-317D-41E0-BADA-1D277CFDD7F9}"
	ProjectSection(SolutionItems) = preProject
		readme.md = readme.md
	EndProjectSection
EndProject
Global
	GlobalSection(SolutionConfigurationPlatforms) = preSolution
		Debug|Any CPU = Debug|Any CPU
		Release|Any CPU = Release|Any CPU
	EndGlobalSection
	GlobalSection(ProjectConfigurationPlatforms) = postSolution
		{C02FF3CB-C34B-422A-8612-0613EBED8877}.Debug|Any CPU.ActiveCfg = Debug|Any CPU
		{C02FF3CB-C34B-422A-8612-0613EBED8877}.Debug|Any CPU.Build.0 = Debug|Any CPU
		{C02FF3CB-C34B-422A-8612-0613EBED8877}.Release|Any CPU.ActiveCfg = Release|Any CPU
		{C02FF3CB-C34B-422A-8612-0613EBED8877}.Release|Any CPU.Build.0 = Release|Any CPU
		{0BE093FC-B48A-4000-90D5-D303DEBD41CC}.Debug|Any CPU.ActiveCfg = Debug|Any CPU
		{0BE093FC-B48A-4000-90D5-D303DEBD41CC}.Debug|Any CPU.Build.0 = Debug|Any CPU
		{0BE093FC-B48A-4000-90D5-D303DEBD41CC}.Release|Any CPU.ActiveCfg = Release|Any CPU
		{0BE093FC-B48A-4000-90D5-D303DEBD41CC}.Release|Any CPU.Build.0 = Release|Any CPU
	EndGlobalSection
	GlobalSection(SolutionProperties) = preSolution
		HideSolutionNode = FALSE
	EndGlobalSection
	GlobalSection(ExtensibilityGlobals) = postSolution
		SolutionGuid = {18BE1D68-32C9-4FA1-9048-60A1B95C5C08}
	EndGlobalSection
EndGlobal
